
Microsoft Visual Studio Solution File, Format Version 12.00
# Visual Studio 2013
VisualStudioVersion = 12.0.31101.0
MinimumVisualStudioVersion = 10.0.40219.1
Project("{FAE04EC0-301F-11D3-BF4B-00C04F79EFBC}") = "SNRTVU.EMS.Web", "SNRTVU.EMS.Web\SNRTVU.EMS.Web.csproj", "{D8291DBF-C36F-4351-9EF3-50DD67D811CA}"
EndProject
Project("{FAE04EC0-301F-11D3-BF4B-00C04F79EFBC}") = "SNRTVU.EMS.Web.Tests", "SNRTVU.EMS.Web.Tests\SNRTVU.EMS.Web.Tests.csproj", "{6E19ED51-EC5A-48F8-9AE2-80620E73467F}"
EndProject
Project("{2150E333-8FDC-42A3-9474-1A3956D46DE8}") = "01-Presentation", "01-Presentation", "{D4686FBB-5558-41EB-958C-AAD1C99030F6}"
EndProject
Project("{2150E333-8FDC-42A3-9474-1A3956D46DE8}") = "02-Application", "02-Application", "{DE18BDD9-5B84-41EF-8A98-9D8F7A321322}"
EndProject
Project("{2150E333-8FDC-42A3-9474-1A3956D46DE8}") = "03-Domain", "03-Domain", "{BAFA47BE-73E0-4AB0-A40E-289E8778BF8F}"
EndProject
Project("{2150E333-8FDC-42A3-9474-1A3956D46DE8}") = "04-Infrastructure", "04-Infrastructure", "{50377D79-CED7-4F6F-922F-50AE52A661CB}"
EndProject
Project("{FAE04EC0-301F-11D3-BF4B-00C04F79EFBC}") = "SNRTVU.EMS.Application", "SNRTVU.EMS.Application\SNRTVU.EMS.Application.csproj", "{4DCBF29B-A6A6-4D3C-A80D-86DD26C6C1EB}"
EndProject
Project("{FAE04EC0-301F-11D3-BF4B-00C04F79EFBC}") = "SNRTVU.EMS.IApplication", "SNRTVU.EMS.IApplication\SNRTVU.EMS.IApplication.csproj", "{2BD3D95C-3AEF-426B-8D48-90D8FF36245A}"
EndProject
Project("{FAE04EC0-301F-11D3-BF4B-00C04F79EFBC}") = "SNRTVU.EMS.TransferObjects", "SNRTVU.EMS.TransferObjects\SNRTVU.EMS.TransferObjects.csproj", "{0B46C781-70C0-412A-B2C4-AD42DCC2CDFA}"
EndProject
Project("{FAE04EC0-301F-11D3-BF4B-00C04F79EFBC}") = "SNRTVU.EMS.Infrastructure", "SNRTVU.EMS.Infrastructure\SNRTVU.EMS.Infrastructure.csproj", "{23AA5D85-1769-4F1F-BB38-2ED20C3F56CE}"
EndProject
Project("{FAE04EC0-301F-11D3-BF4B-00C04F79EFBC}") = "SNRTVU.EMS.Infrastructure.Ioc", "SNRTVU.EMS.Infrastructure.Ioc\SNRTVU.EMS.Infrastructure.Ioc.csproj", "{0DF8FF60-263D-4762-A64B-24F98F7D839E}"
EndProject
Project("{FAE04EC0-301F-11D3-BF4B-00C04F79EFBC}") = "SNRTVU.EMS.Domain", "SNRTVU.EMS.Domain\SNRTVU.EMS.Domain.csproj", "{3E4578F1-C9DD-48C8-AAAF-AC47A6293D04}"
EndProject
Project("{FAE04EC0-301F-11D3-BF4B-00C04F79EFBC}") = "SNRTVU.EMS.Infrastructure.Repositories", "SNRTVU.EMS.Infrastructure.Repositories\SNRTVU.EMS.Infrastructure.Repositories.csproj", "{8F941244-BA07-4AB1-B118-FCFB22C56E11}"
EndProject
Project("{FAE04EC0-301F-11D3-BF4B-00C04F79EFBC}") = "SNRTVU.EMS.Web.Security", "SNRTVU.EMS.Web.Security\SNRTVU.EMS.Web.Security.csproj", "{8E0E1207-AB19-4CCF-8DA5-C3E6A603F4ED}"
EndProject
Project("{FAE04EC0-301F-11D3-BF4B-00C04F79EFBC}") = "SNRTVU.EMS.Web.Security.Tests", "SNRTVU.EMS.Web.Security.Tests\SNRTVU.EMS.Web.Security.Tests.csproj", "{12112ED2-7C44-46E2-93FE-FA5A4703A9A8}"
EndProject
Project("{FAE04EC0-301F-11D3-BF4B-00C04F79EFBC}") = "SNRTVU.EMS.Infrastructure.Mvc", "SNRTVU.EMS.Infrastructure.Mvc\SNRTVU.EMS.Infrastructure.Mvc.csproj", "{F695CFFA-3B77-4528-BD26-9FF5F9CA7A1A}"
EndProject
Project("{FAE04EC0-301F-11D3-BF4B-00C04F79EFBC}") = "SNRTVU.EMS.Repository.Security", "SNRTVU.EMS.Repository.Security\SNRTVU.EMS.Repository.Security.csproj", "{E13B62E9-CC7C-4F67-97A7-06FE7CBBD9DE}"
EndProject
Global
	GlobalSection(SolutionConfigurationPlatforms) = preSolution
		Debug|Any CPU = Debug|Any CPU
		Release|Any CPU = Release|Any CPU
	EndGlobalSection
	GlobalSection(ProjectConfigurationPlatforms) = postSolution
		{D8291DBF-C36F-4351-9EF3-50DD67D811CA}.Debug|Any CPU.ActiveCfg = Debug|Any CPU
		{D8291DBF-C36F-4351-9EF3-50DD67D811CA}.Debug|Any CPU.Build.0 = Debug|Any CPU
		{D8291DBF-C36F-4351-9EF3-50DD67D811CA}.Release|Any CPU.ActiveCfg = Release|Any CPU
		{D8291DBF-C36F-4351-9EF3-50DD67D811CA}.Release|Any CPU.Build.0 = Release|Any CPU
		{6E19ED51-EC5A-48F8-9AE2-80620E73467F}.Debug|Any CPU.ActiveCfg = Debug|Any CPU
		{6E19ED51-EC5A-48F8-9AE2-80620E73467F}.Debug|Any CPU.Build.0 = Debug|Any CPU
		{6E19ED51-EC5A-48F8-9AE2-80620E73467F}.Release|Any CPU.ActiveCfg = Release|Any CPU
		{6E19ED51-EC5A-48F8-9AE2-80620E73467F}.Release|Any CPU.Build.0 = Release|Any CPU
		{4DCBF29B-A6A6-4D3C-A80D-86DD26C6C1EB}.Debug|Any CPU.ActiveCfg = Debug|Any CPU
		{4DCBF29B-A6A6-4D3C-A80D-86DD26C6C1EB}.Debug|Any CPU.Build.0 = Debug|Any CPU
		{4DCBF29B-A6A6-4D3C-A80D-86DD26C6C1EB}.Release|Any CPU.ActiveCfg = Release|Any CPU
		{4DCBF29B-A6A6-4D3C-A80D-86DD26C6C1EB}.Release|Any CPU.Build.0 = Release|Any CPU
		{2BD3D95C-3AEF-426B-8D48-90D8FF36245A}.Debug|Any CPU.ActiveCfg = Debug|Any CPU
		{2BD3D95C-3AEF-426B-8D48-90D8FF36245A}.Debug|Any CPU.Build.0 = Debug|Any CPU
		{2BD3D95C-3AEF-426B-8D48-90D8FF36245A}.Release|Any CPU.ActiveCfg = Release|Any CPU
		{2BD3D95C-3AEF-426B-8D48-90D8FF36245A}.Release|Any CPU.Build.0 = Release|Any CPU
		{0B46C781-70C0-412A-B2C4-AD42DCC2CDFA}.Debug|Any CPU.ActiveCfg = Debug|Any CPU
		{0B46C781-70C0-412A-B2C4-AD42DCC2CDFA}.Debug|Any CPU.Build.0 = Debug|Any CPU
		{0B46C781-70C0-412A-B2C4-AD42DCC2CDFA}.Release|Any CPU.ActiveCfg = Release|Any CPU
		{0B46C781-70C0-412A-B2C4-AD42DCC2CDFA}.Release|Any CPU.Build.0 = Release|Any CPU
		{23AA5D85-1769-4F1F-BB38-2ED20C3F56CE}.Debug|Any CPU.ActiveCfg = Debug|Any CPU
		{23AA5D85-1769-4F1F-BB38-2ED20C3F56CE}.Debug|Any CPU.Build.0 = Debug|Any CPU
		{23AA5D85-1769-4F1F-BB38-2ED20C3F56CE}.Release|Any CPU.ActiveCfg = Release|Any CPU
		{23AA5D85-1769-4F1F-BB38-2ED20C3F56CE}.Release|Any CPU.Build.0 = Release|Any CPU
		{0DF8FF60-263D-4762-A64B-24F98F7D839E}.Debug|Any CPU.ActiveCfg = Debug|Any CPU
		{0DF8FF60-263D-4762-A64B-24F98F7D839E}.Debug|Any CPU.Build.0 = Debug|Any CPU
		{0DF8FF60-263D-4762-A64B-24F98F7D839E}.Release|Any CPU.ActiveCfg = Release|Any CPU
		{0DF8FF60-263D-4762-A64B-24F98F7D839E}.Release|Any CPU.Build.0 = Release|Any CPU
		{3E4578F1-C9DD-48C8-AAAF-AC47A6293D04}.Debug|Any CPU.ActiveCfg = Debug|Any CPU
		{3E4578F1-C9DD-48C8-AAAF-AC47A6293D04}.Debug|Any CPU.Build.0 = Debug|Any CPU
		{3E4578F1-C9DD-48C8-AAAF-AC47A6293D04}.Release|Any CPU.ActiveCfg = Release|Any CPU
		{3E4578F1-C9DD-48C8-AAAF-AC47A6293D04}.Release|Any CPU.Build.0 = Release|Any CPU
		{8F941244-BA07-4AB1-B118-FCFB22C56E11}.Debug|Any CPU.ActiveCfg = Debug|Any CPU
		{8F941244-BA07-4AB1-B118-FCFB22C56E11}.Debug|Any CPU.Build.0 = Debug|Any CPU
		{8F941244-BA07-4AB1-B118-FCFB22C56E11}.Release|Any CPU.ActiveCfg = Release|Any CPU
		{8F941244-BA07-4AB1-B118-FCFB22C56E11}.Release|Any CPU.Build.0 = Release|Any CPU
		{8E0E1207-AB19-4CCF-8DA5-C3E6A603F4ED}.Debug|Any CPU.ActiveCfg = Debug|Any CPU
		{8E0E1207-AB19-4CCF-8DA5-C3E6A603F4ED}.Debug|Any CPU.Build.0 = Debug|Any CPU
		{8E0E1207-AB19-4CCF-8DA5-C3E6A603F4ED}.Release|Any CPU.ActiveCfg = Release|Any CPU
		{8E0E1207-AB19-4CCF-8DA5-C3E6A603F4ED}.Release|Any CPU.Build.0 = Release|Any CPU
		{12112ED2-7C44-46E2-93FE-FA5A4703A9A8}.Debug|Any CPU.ActiveCfg = Debug|Any CPU
		{12112ED2-7C44-46E2-93FE-FA5A4703A9A8}.Debug|Any CPU.Build.0 = Debug|Any CPU
		{12112ED2-7C44-46E2-93FE-FA5A4703A9A8}.Release|Any CPU.ActiveCfg = Release|Any CPU
		{12112ED2-7C44-46E2-93FE-FA5A4703A9A8}.Release|Any CPU.Build.0 = Release|Any CPU
		{F695CFFA-3B77-4528-BD26-9FF5F9CA7A1A}.Debug|Any CPU.ActiveCfg = Debug|Any CPU
		{F695CFFA-3B77-4528-BD26-9FF5F9CA7A1A}.Debug|Any CPU.Build.0 = Debug|Any CPU
		{F695CFFA-3B77-4528-BD26-9FF5F9CA7A1A}.Release|Any CPU.ActiveCfg = Release|Any CPU
		{F695CFFA-3B77-4528-BD26-9FF5F9CA7A1A}.Release|Any CPU.Build.0 = Release|Any CPU
		{E13B62E9-CC7C-4F67-97A7-06FE7CBBD9DE}.Debug|Any CPU.ActiveCfg = Debug|Any CPU
		{E13B62E9-CC7C-4F67-97A7-06FE7CBBD9DE}.Debug|Any CPU.Build.0 = Debug|Any CPU
		{E13B62E9-CC7C-4F67-97A7-06FE7CBBD9DE}.Release|Any CPU.ActiveCfg = Release|Any CPU
		{E13B62E9-CC7C-4F67-97A7-06FE7CBBD9DE}.Release|Any CPU.Build.0 = Release|Any CPU
	EndGlobalSection
	GlobalSection(SolutionProperties) = preSolution
		HideSolutionNode = FALSE
	EndGlobalSection
	GlobalSection(NestedProjects) = preSolution
		{D8291DBF-C36F-4351-9EF3-50DD67D811CA} = {D4686FBB-5558-41EB-958C-AAD1C99030F6}
		{6E19ED51-EC5A-48F8-9AE2-80620E73467F} = {D4686FBB-5558-41EB-958C-AAD1C99030F6}
		{4DCBF29B-A6A6-4D3C-A80D-86DD26C6C1EB} = {DE18BDD9-5B84-41EF-8A98-9D8F7A321322}
		{2BD3D95C-3AEF-426B-8D48-90D8FF36245A} = {DE18BDD9-5B84-41EF-8A98-9D8F7A321322}
		{0B46C781-70C0-412A-B2C4-AD42DCC2CDFA} = {DE18BDD9-5B84-41EF-8A98-9D8F7A321322}
		{23AA5D85-1769-4F1F-BB38-2ED20C3F56CE} = {50377D79-CED7-4F6F-922F-50AE52A661CB}
		{0DF8FF60-263D-4762-A64B-24F98F7D839E} = {50377D79-CED7-4F6F-922F-50AE52A661CB}
		{3E4578F1-C9DD-48C8-AAAF-AC47A6293D04} = {BAFA47BE-73E0-4AB0-A40E-289E8778BF8F}
		{8F941244-BA07-4AB1-B118-FCFB22C56E11} = {50377D79-CED7-4F6F-922F-50AE52A661CB}
		{8E0E1207-AB19-4CCF-8DA5-C3E6A603F4ED} = {D4686FBB-5558-41EB-958C-AAD1C99030F6}
		{12112ED2-7C44-46E2-93FE-FA5A4703A9A8} = {D4686FBB-5558-41EB-958C-AAD1C99030F6}
		{F695CFFA-3B77-4528-BD26-9FF5F9CA7A1A} = {50377D79-CED7-4F6F-922F-50AE52A661CB}
		{E13B62E9-CC7C-4F67-97A7-06FE7CBBD9DE} = {50377D79-CED7-4F6F-922F-50AE52A661CB}
	EndGlobalSection
EndGlobal
